// !$*UTF8*$!
{
	archiveVersion = 1;
	classes = {
	};
	objectVersion = 56;
	objects = {

/* Begin PBXBuildFile section */
		0D5F3BB228E77CA600E3BA13 /* Library_Demo_AppApp.swift in Sources */ = {isa = PBXBuildFile; fileRef = 0D5F3BB128E77CA600E3BA13 /* Library_Demo_AppApp.swift */; };
		0D5F3BB428E77CA600E3BA13 /* ContentView.swift in Sources */ = {isa = PBXBuildFile; fileRef = 0D5F3BB328E77CA600E3BA13 /* ContentView.swift */; };
		0D5F3BB628E77CA700E3BA13 /* Assets.xcassets in Resources */ = {isa = PBXBuildFile; fileRef = 0D5F3BB528E77CA700E3BA13 /* Assets.xcassets */; };
		0D5F3BBA28E77CA700E3BA13 /* Preview Assets.xcassets in Resources */ = {isa = PBXBuildFile; fileRef = 0D5F3BB928E77CA700E3BA13 /* Preview Assets.xcassets */; };
		0D5F3BC428E77CA700E3BA13 /* Library_Demo_AppTests.swift in Sources */ = {isa = PBXBuildFile; fileRef = 0D5F3BC328E77CA700E3BA13 /* Library_Demo_AppTests.swift */; };
		0D5F3BCE28E77CA700E3BA13 /* Library_Demo_AppUITests.swift in Sources */ = {isa = PBXBuildFile; fileRef = 0D5F3BCD28E77CA700E3BA13 /* Library_Demo_AppUITests.swift */; };
		0D5F3BD028E77CA700E3BA13 /* Library_Demo_AppUITestsLaunchTests.swift in Sources */ = {isa = PBXBuildFile; fileRef = 0D5F3BCF28E77CA700E3BA13 /* Library_Demo_AppUITestsLaunchTests.swift */; };
		0D5F3BE228E77DF600E3BA13 /* library.json in Resources */ = {isa = PBXBuildFile; fileRef = 0D5F3BE128E77DF600E3BA13 /* library.json */; };
		0D5F3BE428E77FC100E3BA13 /* Book.swift in Sources */ = {isa = PBXBuildFile; fileRef = 0D5F3BE328E77FC100E3BA13 /* Book.swift */; };
		0D5F3BE628E7802D00E3BA13 /* Page.swift in Sources */ = {isa = PBXBuildFile; fileRef = 0D5F3BE528E7802D00E3BA13 /* Page.swift */; };
		0D5F3BE928E7806500E3BA13 /* BookHelper.swift in Sources */ = {isa = PBXBuildFile; fileRef = 0D5F3BE828E7806500E3BA13 /* BookHelper.swift */; };
		0D5F3BEB28E7814200E3BA13 /* BookModel.swift in Sources */ = {isa = PBXBuildFile; fileRef = 0D5F3BEA28E7814200E3BA13 /* BookModel.swift */; };
		0D5F3BED28E781A900E3BA13 /* BookListView.swift in Sources */ = {isa = PBXBuildFile; fileRef = 0D5F3BEC28E781A900E3BA13 /* BookListView.swift */; };
		0D5F3BEF28E7827200E3BA13 /* BookDetailView.swift in Sources */ = {isa = PBXBuildFile; fileRef = 0D5F3BEE28E7827200E3BA13 /* BookDetailView.swift */; };
		0D5F3BF128E78FF200E3BA13 /* LibraryTabView.swift in Sources */ = {isa = PBXBuildFile; fileRef = 0D5F3BF028E78FF200E3BA13 /* LibraryTabView.swift */; };
		0D5F3BF428E8C49500E3BA13 /* RatingSystem.swift in Sources */ = {isa = PBXBuildFile; fileRef = 0D5F3BF328E8C49500E3BA13 /* RatingSystem.swift */; };
/* End PBXBuildFile section */

/* Begin PBXContainerItemProxy section */
		0D5F3BC028E77CA700E3BA13 /* PBXContainerItemProxy */ = {
			isa = PBXContainerItemProxy;
			containerPortal = 0D5F3BA628E77CA600E3BA13 /* Project object */;
			proxyType = 1;
			remoteGlobalIDString = 0D5F3BAD28E77CA600E3BA13;
			remoteInfo = "Library Demo App";
		};
		0D5F3BCA28E77CA700E3BA13 /* PBXContainerItemProxy */ = {
			isa = PBXContainerItemProxy;
			containerPortal = 0D5F3BA628E77CA600E3BA13 /* Project object */;
			proxyType = 1;
			remoteGlobalIDString = 0D5F3BAD28E77CA600E3BA13;
			remoteInfo = "Library Demo App";
		};
/* End PBXContainerItemProxy section */

/* Begin PBXFileReference section */
		0D5F3BAE28E77CA600E3BA13 /* Library Demo App.app */ = {isa = PBXFileReference; explicitFileType = wrapper.application; includeInIndex = 0; path = "Library Demo App.app"; sourceTree = BUILT_PRODUCTS_DIR; };
		0D5F3BB128E77CA600E3BA13 /* Library_Demo_AppApp.swift */ = {isa = PBXFileReference; lastKnownFileType = sourcecode.swift; path = Library_Demo_AppApp.swift; sourceTree = "<group>"; };
		0D5F3BB328E77CA600E3BA13 /* ContentView.swift */ = {isa = PBXFileReference; lastKnownFileType = sourcecode.swift; path = ContentView.swift; sourceTree = "<group>"; };
		0D5F3BB528E77CA700E3BA13 /* Assets.xcassets */ = {isa = PBXFileReference; lastKnownFileType = folder.assetcatalog; path = Assets.xcassets; sourceTree = "<group>"; };
		0D5F3BB728E77CA700E3BA13 /* Library_Demo_App.entitlements */ = {isa = PBXFileReference; lastKnownFileType = text.plist.entitlements; path = Library_Demo_App.entitlements; sourceTree = "<group>"; };
		0D5F3BB928E77CA700E3BA13 /* Preview Assets.xcassets */ = {isa = PBXFileReference; lastKnownFileType = folder.assetcatalog; path = "Preview Assets.xcassets"; sourceTree = "<group>"; };
		0D5F3BBF28E77CA700E3BA13 /* Library Demo AppTests.xctest */ = {isa = PBXFileReference; explicitFileType = wrapper.cfbundle; includeInIndex = 0; path = "Library Demo AppTests.xctest"; sourceTree = BUILT_PRODUCTS_DIR; };
		0D5F3BC328E77CA700E3BA13 /* Library_Demo_AppTests.swift */ = {isa = PBXFileReference; lastKnownFileType = sourcecode.swift; path = Library_Demo_AppTests.swift; sourceTree = "<group>"; };
		0D5F3BC928E77CA700E3BA13 /* Library Demo AppUITests.xctest */ = {isa = PBXFileReference; explicitFileType = wrapper.cfbundle; includeInIndex = 0; path = "Library Demo AppUITests.xctest"; sourceTree = BUILT_PRODUCTS_DIR; };
		0D5F3BCD28E77CA700E3BA13 /* Library_Demo_AppUITests.swift */ = {isa = PBXFileReference; lastKnownFileType = sourcecode.swift; path = Library_Demo_AppUITests.swift; sourceTree = "<group>"; };
		0D5F3BCF28E77CA700E3BA13 /* Library_Demo_AppUITestsLaunchTests.swift */ = {isa = PBXFileReference; lastKnownFileType = sourcecode.swift; path = Library_Demo_AppUITestsLaunchTests.swift; sourceTree = "<group>"; };
		0D5F3BE128E77DF600E3BA13 /* library.json */ = {isa = PBXFileReference; lastKnownFileType = text.json; path = library.json; sourceTree = "<group>"; };
		0D5F3BE328E77FC100E3BA13 /* Book.swift */ = {isa = PBXFileReference; lastKnownFileType = sourcecode.swift; path = Book.swift; sourceTree = "<group>"; };
		0D5F3BE528E7802D00E3BA13 /* Page.swift */ = {isa = PBXFileReference; lastKnownFileType = sourcecode.swift; path = Page.swift; sourceTree = "<group>"; };
		0D5F3BE828E7806500E3BA13 /* BookHelper.swift */ = {isa = PBXFileReference; lastKnownFileType = sourcecode.swift; path = BookHelper.swift; sourceTree = "<group>"; };
		0D5F3BEA28E7814200E3BA13 /* BookModel.swift */ = {isa = PBXFileReference; lastKnownFileType = sourcecode.swift; path = BookModel.swift; sourceTree = "<group>"; };
		0D5F3BEC28E781A900E3BA13 /* BookListView.swift */ = {isa = PBXFileReference; lastKnownFileType = sourcecode.swift; path = BookListView.swift; sourceTree = "<group>"; };
		0D5F3BEE28E7827200E3BA13 /* BookDetailView.swift */ = {isa = PBXFileReference; lastKnownFileType = sourcecode.swift; path = BookDetailView.swift; sourceTree = "<group>"; };
		0D5F3BF028E78FF200E3BA13 /* LibraryTabView.swift */ = {isa = PBXFileReference; lastKnownFileType = sourcecode.swift; path = LibraryTabView.swift; sourceTree = "<group>"; };
		0D5F3BF328E8C49500E3BA13 /* RatingSystem.swift */ = {isa = PBXFileReference; lastKnownFileType = sourcecode.swift; path = RatingSystem.swift; sourceTree = "<group>"; };
/* End PBXFileReference section */

/* Begin PBXFrameworksBuildPhase section */
		0D5F3BAB28E77CA600E3BA13 /* Frameworks */ = {
			isa = PBXFrameworksBuildPhase;
			buildActionMask = 2147483647;
			files = (
			);
			runOnlyForDeploymentPostprocessing = 0;
		};
		0D5F3BBC28E77CA700E3BA13 /* Frameworks */ = {
			isa = PBXFrameworksBuildPhase;
			buildActionMask = 2147483647;
			files = (
			);
			runOnlyForDeploymentPostprocessing = 0;
		};
		0D5F3BC628E77CA700E3BA13 /* Frameworks */ = {
			isa = PBXFrameworksBuildPhase;
			buildActionMask = 2147483647;
			files = (
			);
			runOnlyForDeploymentPostprocessing = 0;
		};
/* End PBXFrameworksBuildPhase section */

/* Begin PBXGroup section */
		0D5F3BA528E77CA600E3BA13 = {
			isa = PBXGroup;
			children = (
				0D5F3BB028E77CA600E3BA13 /* Library Demo App */,
				0D5F3BC228E77CA700E3BA13 /* Library Demo AppTests */,
				0D5F3BCC28E77CA700E3BA13 /* Library Demo AppUITests */,
				0D5F3BAF28E77CA600E3BA13 /* Products */,
			);
			sourceTree = "<group>";
		};
		0D5F3BAF28E77CA600E3BA13 /* Products */ = {
			isa = PBXGroup;
			children = (
				0D5F3BAE28E77CA600E3BA13 /* Library Demo App.app */,
				0D5F3BBF28E77CA700E3BA13 /* Library Demo AppTests.xctest */,
				0D5F3BC928E77CA700E3BA13 /* Library Demo AppUITests.xctest */,
			);
			name = Products;
			sourceTree = "<group>";
		};
		0D5F3BB028E77CA600E3BA13 /* Library Demo App */ = {
			isa = PBXGroup;
			children = (
				0D5F3BB128E77CA600E3BA13 /* Library_Demo_AppApp.swift */,
				0D5F3BDC28E77DAB00E3BA13 /* View */,
				0D5F3BDD28E77DB200E3BA13 /* ViewModel */,
				0D5F3BDE28E77DB900E3BA13 /* Model */,
				0D5F3BF228E8C48700E3BA13 /* Components */,
				0D5F3BE028E77DCD00E3BA13 /* Helpers */,
				0D5F3BDF28E77DC800E3BA13 /* Data */,
				0D5F3BB328E77CA600E3BA13 /* ContentView.swift */,
				0D5F3BB528E77CA700E3BA13 /* Assets.xcassets */,
				0D5F3BB728E77CA700E3BA13 /* Library_Demo_App.entitlements */,
				0D5F3BB828E77CA700E3BA13 /* Preview Content */,
			);
			path = "Library Demo App";
			sourceTree = "<group>";
		};
		0D5F3BB828E77CA700E3BA13 /* Preview Content */ = {
			isa = PBXGroup;
			children = (
				0D5F3BB928E77CA700E3BA13 /* Preview Assets.xcassets */,
			);
			path = "Preview Content";
			sourceTree = "<group>";
		};
		0D5F3BC228E77CA700E3BA13 /* Library Demo AppTests */ = {
			isa = PBXGroup;
			children = (
				0D5F3BC328E77CA700E3BA13 /* Library_Demo_AppTests.swift */,
			);
			path = "Library Demo AppTests";
			sourceTree = "<group>";
		};
		0D5F3BCC28E77CA700E3BA13 /* Library Demo AppUITests */ = {
			isa = PBXGroup;
			children = (
				0D5F3BCD28E77CA700E3BA13 /* Library_Demo_AppUITests.swift */,
				0D5F3BCF28E77CA700E3BA13 /* Library_Demo_AppUITestsLaunchTests.swift */,
			);
			path = "Library Demo AppUITests";
			sourceTree = "<group>";
		};
		0D5F3BDC28E77DAB00E3BA13 /* View */ = {
			isa = PBXGroup;
			children = (
				0D5F3BF028E78FF200E3BA13 /* LibraryTabView.swift */,
				0D5F3BEC28E781A900E3BA13 /* BookListView.swift */,
				0D5F3BEE28E7827200E3BA13 /* BookDetailView.swift */,
			);
			path = View;
			sourceTree = "<group>";
		};
		0D5F3BDD28E77DB200E3BA13 /* ViewModel */ = {
			isa = PBXGroup;
			children = (
				0D5F3BEA28E7814200E3BA13 /* BookModel.swift */,
			);
			path = ViewModel;
			sourceTree = "<group>";
		};
		0D5F3BDE28E77DB900E3BA13 /* Model */ = {
			isa = PBXGroup;
			children = (
				0D5F3BE328E77FC100E3BA13 /* Book.swift */,
				0D5F3BE528E7802D00E3BA13 /* Page.swift */,
			);
			path = Model;
			sourceTree = "<group>";
		};
		0D5F3BDF28E77DC800E3BA13 /* Data */ = {
			isa = PBXGroup;
			children = (
				0D5F3BE128E77DF600E3BA13 /* library.json */,
			);
			path = Data;
			sourceTree = "<group>";
		};
		0D5F3BE028E77DCD00E3BA13 /* Helpers */ = {
			isa = PBXGroup;
			children = (
				0D5F3BE828E7806500E3BA13 /* BookHelper.swift */,
			);
			path = Helpers;
			sourceTree = "<group>";
		};
		0D5F3BF228E8C48700E3BA13 /* Components */ = {
			isa = PBXGroup;
			children = (
				0D5F3BF328E8C49500E3BA13 /* RatingSystem.swift */,
			);
			path = Components;
			sourceTree = "<group>";
		};
/* End PBXGroup section */

/* Begin PBXNativeTarget section */
		0D5F3BAD28E77CA600E3BA13 /* Library Demo App */ = {
			isa = PBXNativeTarget;
			buildConfigurationList = 0D5F3BD328E77CA700E3BA13 /* Build configuration list for PBXNativeTarget "Library Demo App" */;
			buildPhases = (
				0D5F3BAA28E77CA600E3BA13 /* Sources */,
				0D5F3BAB28E77CA600E3BA13 /* Frameworks */,
				0D5F3BAC28E77CA600E3BA13 /* Resources */,
			);
			buildRules = (
			);
			dependencies = (
			);
			name = "Library Demo App";
			productName = "Library Demo App";
			productReference = 0D5F3BAE28E77CA600E3BA13 /* Library Demo App.app */;
			productType = "com.apple.product-type.application";
		};
		0D5F3BBE28E77CA700E3BA13 /* Library Demo AppTests */ = {
			isa = PBXNativeTarget;
			buildConfigurationList = 0D5F3BD628E77CA700E3BA13 /* Build configuration list for PBXNativeTarget "Library Demo AppTests" */;
			buildPhases = (
				0D5F3BBB28E77CA700E3BA13 /* Sources */,
				0D5F3BBC28E77CA700E3BA13 /* Frameworks */,
				0D5F3BBD28E77CA700E3BA13 /* Resources */,
			);
			buildRules = (
			);
			dependencies = (
				0D5F3BC128E77CA700E3BA13 /* PBXTargetDependency */,
			);
			name = "Library Demo AppTests";
			productName = "Library Demo AppTests";
			productReference = 0D5F3BBF28E77CA700E3BA13 /* Library Demo AppTests.xctest */;
			productType = "com.apple.product-type.bundle.unit-test";
		};
		0D5F3BC828E77CA700E3BA13 /* Library Demo AppUITests */ = {
			isa = PBXNativeTarget;
			buildConfigurationList = 0D5F3BD928E77CA700E3BA13 /* Build configuration list for PBXNativeTarget "Library Demo AppUITests" */;
			buildPhases = (
				0D5F3BC528E77CA700E3BA13 /* Sources */,
				0D5F3BC628E77CA700E3BA13 /* Frameworks */,
				0D5F3BC728E77CA700E3BA13 /* Resources */,
			);
			buildRules = (
			);
			dependencies = (
				0D5F3BCB28E77CA700E3BA13 /* PBXTargetDependency */,
			);
			name = "Library Demo AppUITests";
			productName = "Library Demo AppUITests";
			productReference = 0D5F3BC928E77CA700E3BA13 /* Library Demo AppUITests.xctest */;
			productType = "com.apple.product-type.bundle.ui-testing";
		};
/* End PBXNativeTarget section */

/* Begin PBXProject section */
		0D5F3BA628E77CA600E3BA13 /* Project object */ = {
			isa = PBXProject;
			attributes = {
				BuildIndependentTargetsInParallel = 1;
				LastSwiftUpdateCheck = 1400;
				LastUpgradeCheck = 1400;
				TargetAttributes = {
					0D5F3BAD28E77CA600E3BA13 = {
						CreatedOnToolsVersion = 14.0.1;
					};
					0D5F3BBE28E77CA700E3BA13 = {
						CreatedOnToolsVersion = 14.0.1;
						TestTargetID = 0D5F3BAD28E77CA600E3BA13;
					};
					0D5F3BC828E77CA700E3BA13 = {
						CreatedOnToolsVersion = 14.0.1;
						TestTargetID = 0D5F3BAD28E77CA600E3BA13;
					};
				};
			};
			buildConfigurationList = 0D5F3BA928E77CA600E3BA13 /* Build configuration list for PBXProject "Library Demo App" */;
			compatibilityVersion = "Xcode 14.0";
			developmentRegion = en;
			hasScannedForEncodings = 0;
			knownRegions = (
				en,
				Base,
			);
			mainGroup = 0D5F3BA528E77CA600E3BA13;
			productRefGroup = 0D5F3BAF28E77CA600E3BA13 /* Products */;
			projectDirPath = "";
			projectRoot = "";
			targets = (
				0D5F3BAD28E77CA600E3BA13 /* Library Demo App */,
				0D5F3BBE28E77CA700E3BA13 /* Library Demo AppTests */,
				0D5F3BC828E77CA700E3BA13 /* Library Demo AppUITests */,
			);
		};
/* End PBXProject section */

/* Begin PBXResourcesBuildPhase section */
		0D5F3BAC28E77CA600E3BA13 /* Resources */ = {
			isa = PBXResourcesBuildPhase;
			buildActionMask = 2147483647;
			files = (
				0D5F3BBA28E77CA700E3BA13 /* Preview Assets.xcassets in Resources */,
				0D5F3BE228E77DF600E3BA13 /* library.json in Resources */,
				0D5F3BB628E77CA700E3BA13 /* Assets.xcassets in Resources */,
			);
			runOnlyForDeploymentPostprocessing = 0;
		};
		0D5F3BBD28E77CA700E3BA13 /* Resources */ = {
			isa = PBXResourcesBuildPhase;
			buildActionMask = 2147483647;
			files = (
			);
			runOnlyForDeploymentPostprocessing = 0;
		};
		0D5F3BC728E77CA700E3BA13 /* Resources */ = {
			isa = PBXResourcesBuildPhase;
			buildActionMask = 2147483647;
			files = (
			);
			runOnlyForDeploymentPostprocessing = 0;
		};
/* End PBXResourcesBuildPhase section */

/* Begin PBXSourcesBuildPhase section */
		0D5F3BAA28E77CA600E3BA13 /* Sources */ = {
			isa = PBXSourcesBuildPhase;
			buildActionMask = 2147483647;
			files = (
				0D5F3BEF28E7827200E3BA13 /* BookDetailView.swift in Sources */,
				0D5F3BEB28E7814200E3BA13 /* BookModel.swift in Sources */,
				0D5F3BE928E7806500E3BA13 /* BookHelper.swift in Sources */,
				0D5F3BF428E8C49500E3BA13 /* RatingSystem.swift in Sources */,
				0D5F3BB428E77CA600E3BA13 /* ContentView.swift in Sources */,
				0D5F3BB228E77CA600E3BA13 /* Library_Demo_AppApp.swift in Sources */,
				0D5F3BF128E78FF200E3BA13 /* LibraryTabView.swift in Sources */,
				0D5F3BE628E7802D00E3BA13 /* Page.swift in Sources */,
				0D5F3BED28E781A900E3BA13 /* BookListView.swift in Sources */,
				0D5F3BE428E77FC100E3BA13 /* Book.swift in Sources */,
			);
			runOnlyForDeploymentPostprocessing = 0;
		};
		0D5F3BBB28E77CA700E3BA13 /* Sources */ = {
			isa = PBXSourcesBuildPhase;
			buildActionMask = 2147483647;
			files = (
				0D5F3BC428E77CA700E3BA13 /* Library_Demo_AppTests.swift in Sources */,
			);
			runOnlyForDeploymentPostprocessing = 0;
		};
		0D5F3BC528E77CA700E3BA13 /* Sources */ = {
			isa = PBXSourcesBuildPhase;
			buildActionMask = 2147483647;
			files = (
				0D5F3BCE28E77CA700E3BA13 /* Library_Demo_AppUITests.swift in Sources */,
				0D5F3BD028E77CA700E3BA13 /* Library_Demo_AppUITestsLaunchTests.swift in Sources */,
			);
			runOnlyForDeploymentPostprocessing = 0;
		};
/* End PBXSourcesBuildPhase section */

/* Begin PBXTargetDependency section */
		0D5F3BC128E77CA700E3BA13 /* PBXTargetDependency */ = {
			isa = PBXTargetDependency;
			target = 0D5F3BAD28E77CA600E3BA13 /* Library Demo App */;
			targetProxy = 0D5F3BC028E77CA700E3BA13 /* PBXContainerItemProxy */;
		};
		0D5F3BCB28E77CA700E3BA13 /* PBXTargetDependency */ = {
			isa = PBXTargetDependency;
			target = 0D5F3BAD28E77CA600E3BA13 /* Library Demo App */;
			targetProxy = 0D5F3BCA28E77CA700E3BA13 /* PBXContainerItemProxy */;
		};
/* End PBXTargetDependency section */

/* Begin XCBuildConfiguration section */
		0D5F3BD128E77CA700E3BA13 /* Debug */ = {
			isa = XCBuildConfiguration;
			buildSettings = {
				ALWAYS_SEARCH_USER_PATHS = NO;
				CLANG_ANALYZER_NONNULL = YES;
				CLANG_ANALYZER_NUMBER_OBJECT_CONVERSION = YES_AGGRESSIVE;
				CLANG_CXX_LANGUAGE_STANDARD = "gnu++20";
				CLANG_ENABLE_MODULES = YES;
				CLANG_ENABLE_OBJC_ARC = YES;
				CLANG_ENABLE_OBJC_WEAK = YES;
				CLANG_WARN_BLOCK_CAPTURE_AUTORELEASING = YES;
				CLANG_WARN_BOOL_CONVERSION = YES;
				CLANG_WARN_COMMA = YES;
				CLANG_WARN_CONSTANT_CONVERSION = YES;
				CLANG_WARN_DEPRECATED_OBJC_IMPLEMENTATIONS = YES;
				CLANG_WARN_DIRECT_OBJC_ISA_USAGE = YES_ERROR;
				CLANG_WARN_DOCUMENTATION_COMMENTS = YES;
				CLANG_WARN_EMPTY_BODY = YES;
				CLANG_WARN_ENUM_CONVERSION = YES;
				CLANG_WARN_INFINITE_RECURSION = YES;
				CLANG_WARN_INT_CONVERSION = YES;
				CLANG_WARN_NON_LITERAL_NULL_CONVERSION = YES;
				CLANG_WARN_OBJC_IMPLICIT_RETAIN_SELF = YES;
				CLANG_WARN_OBJC_LITERAL_CONVERSION = YES;
				CLANG_WARN_OBJC_ROOT_CLASS = YES_ERROR;
				CLANG_WARN_QUOTED_INCLUDE_IN_FRAMEWORK_HEADER = YES;
				CLANG_WARN_RANGE_LOOP_ANALYSIS = YES;
				CLANG_WARN_STRICT_PROTOTYPES = YES;
				CLANG_WARN_SUSPICIOUS_MOVE = YES;
				CLANG_WARN_UNGUARDED_AVAILABILITY = YES_AGGRESSIVE;
				CLANG_WARN_UNREACHABLE_CODE = YES;
				CLANG_WARN__DUPLICATE_METHOD_MATCH = YES;
				COPY_PHASE_STRIP = NO;
				DEBUG_INFORMATION_FORMAT = dwarf;
				ENABLE_STRICT_OBJC_MSGSEND = YES;
				ENABLE_TESTABILITY = YES;
				GCC_C_LANGUAGE_STANDARD = gnu11;
				GCC_DYNAMIC_NO_PIC = NO;
				GCC_NO_COMMON_BLOCKS = YES;
				GCC_OPTIMIZATION_LEVEL = 0;
				GCC_PREPROCESSOR_DEFINITIONS = (
					"DEBUG=1",
					"$(inherited)",
				);
				GCC_WARN_64_TO_32_BIT_CONVERSION = YES;
				GCC_WARN_ABOUT_RETURN_TYPE = YES_ERROR;
				GCC_WARN_UNDECLARED_SELECTOR = YES;
				GCC_WARN_UNINITIALIZED_AUTOS = YES_AGGRESSIVE;
				GCC_WARN_UNUSED_FUNCTION = YES;
				GCC_WARN_UNUSED_VARIABLE = YES;
				MTL_ENABLE_DEBUG_INFO = INCLUDE_SOURCE;
				MTL_FAST_MATH = YES;
				ONLY_ACTIVE_ARCH = YES;
				SWIFT_ACTIVE_COMPILATION_CONDITIONS = DEBUG;
				SWIFT_OPTIMIZATION_LEVEL = "-Onone";
			};
			name = Debug;
		};
		0D5F3BD228E77CA700E3BA13 /* Release */ = {
			isa = XCBuildConfiguration;
			buildSettings = {
				ALWAYS_SEARCH_USER_PATHS = NO;
				CLANG_ANALYZER_NONNULL = YES;
				CLANG_ANALYZER_NUMBER_OBJECT_CONVERSION = YES_AGGRESSIVE;
				CLANG_CXX_LANGUAGE_STANDARD = "gnu++20";
				CLANG_ENABLE_MODULES = YES;
				CLANG_ENABLE_OBJC_ARC = YES;
				CLANG_ENABLE_OBJC_WEAK = YES;
				CLANG_WARN_BLOCK_CAPTURE_AUTORELEASING = YES;
				CLANG_WARN_BOOL_CONVERSION = YES;
				CLANG_WARN_COMMA = YES;
				CLANG_WARN_CONSTANT_CONVERSION = YES;
				CLANG_WARN_DEPRECATED_OBJC_IMPLEMENTATIONS = YES;
				CLANG_WARN_DIRECT_OBJC_ISA_USAGE = YES_ERROR;
				CLANG_WARN_DOCUMENTATION_COMMENTS = YES;
				CLANG_WARN_EMPTY_BODY = YES;
				CLANG_WARN_ENUM_CONVERSION = YES;
				CLANG_WARN_INFINITE_RECURSION = YES;
				CLANG_WARN_INT_CONVERSION = YES;
				CLANG_WARN_NON_LITERAL_NULL_CONVERSION = YES;
				CLANG_WARN_OBJC_IMPLICIT_RETAIN_SELF = YES;
				CLANG_WARN_OBJC_LITERAL_CONVERSION = YES;
				CLANG_WARN_OBJC_ROOT_CLASS = YES_ERROR;
				CLANG_WARN_QUOTED_INCLUDE_IN_FRAMEWORK_HEADER = YES;
				CLANG_WARN_RANGE_LOOP_ANALYSIS = YES;
				CLANG_WARN_STRICT_PROTOTYPES = YES;
				CLANG_WARN_SUSPICIOUS_MOVE = YES;
				CLANG_WARN_UNGUARDED_AVAILABILITY = YES_AGGRESSIVE;
				CLANG_WARN_UNREACHABLE_CODE = YES;
				CLANG_WARN__DUPLICATE_METHOD_MATCH = YES;
				COPY_PHASE_STRIP = NO;
				DEBUG_INFORMATION_FORMAT = "dwarf-with-dsym";
				ENABLE_NS_ASSERTIONS = NO;
				ENABLE_STRICT_OBJC_MSGSEND = YES;
				GCC_C_LANGUAGE_STANDARD = gnu11;
				GCC_NO_COMMON_BLOCKS = YES;
				GCC_WARN_64_TO_32_BIT_CONVERSION = YES;
				GCC_WARN_ABOUT_RETURN_TYPE = YES_ERROR;
				GCC_WARN_UNDECLARED_SELECTOR = YES;
				GCC_WARN_UNINITIALIZED_AUTOS = YES_AGGRESSIVE;
				GCC_WARN_UNUSED_FUNCTION = YES;
				GCC_WARN_UNUSED_VARIABLE = YES;
				MTL_ENABLE_DEBUG_INFO = NO;
				MTL_FAST_MATH = YES;
				SWIFT_COMPILATION_MODE = wholemodule;
				SWIFT_OPTIMIZATION_LEVEL = "-O";
			};
			name = Release;
		};
		0D5F3BD428E77CA700E3BA13 /* Debug */ = {
			isa = XCBuildConfiguration;
			buildSettings = {
				ASSETCATALOG_COMPILER_APPICON_NAME = AppIcon;
				ASSETCATALOG_COMPILER_GLOBAL_ACCENT_COLOR_NAME = AccentColor;
				CODE_SIGN_ENTITLEMENTS = "Library Demo App/Library_Demo_App.entitlements";
				CODE_SIGN_STYLE = Automatic;
				CURRENT_PROJECT_VERSION = 1;
				DEVELOPMENT_ASSET_PATHS = "\"Library Demo App/Preview Content\"";
				DEVELOPMENT_TEAM = 84J29R3WXB;
				ENABLE_HARDENED_RUNTIME = YES;
				ENABLE_PREVIEWS = YES;
				GENERATE_INFOPLIST_FILE = YES;
				"INFOPLIST_KEY_UIApplicationSceneManifest_Generation[sdk=iphoneos*]" = YES;
				"INFOPLIST_KEY_UIApplicationSceneManifest_Generation[sdk=iphonesimulator*]" = YES;
				"INFOPLIST_KEY_UIApplicationSupportsIndirectInputEvents[sdk=iphoneos*]" = YES;
				"INFOPLIST_KEY_UIApplicationSupportsIndirectInputEvents[sdk=iphonesimulator*]" = YES;
				"INFOPLIST_KEY_UILaunchScreen_Generation[sdk=iphoneos*]" = YES;
				"INFOPLIST_KEY_UILaunchScreen_Generation[sdk=iphonesimulator*]" = YES;
				"INFOPLIST_KEY_UIStatusBarStyle[sdk=iphoneos*]" = UIStatusBarStyleDefault;
				"INFOPLIST_KEY_UIStatusBarStyle[sdk=iphonesimulator*]" = UIStatusBarStyleDefault;
				INFOPLIST_KEY_UISupportedInterfaceOrientations_iPad = "UIInterfaceOrientationPortrait UIInterfaceOrientationPortraitUpsideDown UIInterfaceOrientationLandscapeLeft UIInterfaceOrientationLandscapeRight";
				INFOPLIST_KEY_UISupportedInterfaceOrientations_iPhone = "UIInterfaceOrientationPortrait UIInterfaceOrientationLandscapeLeft UIInterfaceOrientationLandscapeRight";
				IPHONEOS_DEPLOYMENT_TARGET = 16.0;
				LD_RUNPATH_SEARCH_PATHS = "@executable_path/Frameworks";
				"LD_RUNPATH_SEARCH_PATHS[sdk=macosx*]" = "@executable_path/../Frameworks";
				MACOSX_DEPLOYMENT_TARGET = 12.3;
				MARKETING_VERSION = 1.0;
				PRODUCT_BUNDLE_IDENTIFIER = "com.7thirteen.Library-Demo-App";
				PRODUCT_NAME = "$(TARGET_NAME)";
				SDKROOT = auto;
				SUPPORTED_PLATFORMS = "iphoneos iphonesimulator macosx";
				SWIFT_EMIT_LOC_STRINGS = YES;
				SWIFT_VERSION = 5.0;
				TARGETED_DEVICE_FAMILY = "1,2";
			};
			name = Debug;
		};
		0D5F3BD528E77CA700E3BA13 /* Release */ = {
			isa = XCBuildConfiguration;
			buildSettings = {
				ASSETCATALOG_COMPILER_APPICON_NAME = AppIcon;
				ASSETCATALOG_COMPILER_GLOBAL_ACCENT_COLOR_NAME = AccentColor;
				CODE_SIGN_ENTITLEMENTS = "Library Demo App/Library_Demo_App.entitlements";
				CODE_SIGN_STYLE = Automatic;
				CURRENT_PROJECT_VERSION = 1;
				DEVELOPMENT_ASSET_PATHS = "\"Library Demo App/Preview Content\"";
				DEVELOPMENT_TEAM = 84J29R3WXB;
				ENABLE_HARDENED_RUNTIME = YES;
				ENABLE_PREVIEWS = YES;
				GENERATE_INFOPLIST_FILE = YES;
				"INFOPLIST_KEY_UIApplicationSceneManifest_Generation[sdk=iphoneos*]" = YES;
				"INFOPLIST_KEY_UIApplicationSceneManifest_Generation[sdk=iphonesimulator*]" = YES;
				"INFOPLIST_KEY_UIApplicationSupportsIndirectInputEvents[sdk=iphoneos*]" = YES;
				"INFOPLIST_KEY_UIApplicationSupportsIndirectInputEvents[sdk=iphonesimulator*]" = YES;
				"INFOPLIST_KEY_UILaunchScreen_Generation[sdk=iphoneos*]" = YES;
				"INFOPLIST_KEY_UILaunchScreen_Generation[sdk=iphonesimulator*]" = YES;
				"INFOPLIST_KEY_UIStatusBarStyle[sdk=iphoneos*]" = UIStatusBarStyleDefault;
				"INFOPLIST_KEY_UIStatusBarStyle[sdk=iphonesimulator*]" = UIStatusBarStyleDefault;
				INFOPLIST_KEY_UISupportedInterfaceOrientations_iPad = "UIInterfaceOrientationPortrait UIInterfaceOrientationPortraitUpsideDown UIInterfaceOrientationLandscapeLeft UIInterfaceOrientationLandscapeRight";
				INFOPLIST_KEY_UISupportedInterfaceOrientations_iPhone = "UIInterfaceOrientationPortrait UIInterfaceOrientationLandscapeLeft UIInterfaceOrientationLandscapeRight";
				IPHONEOS_DEPLOYMENT_TARGET = 16.0;
				LD_RUNPATH_SEARCH_PATHS = "@executable_path/Frameworks";
				"LD_RUNPATH_SEARCH_PATHS[sdk=macosx*]" = "@executable_path/../Frameworks";
				MACOSX_DEPLOYMENT_TARGET = 12.3;
				MARKETING_VERSION = 1.0;
				PRODUCT_BUNDLE_IDENTIFIER = "com.7thirteen.Library-Demo-App";
				PRODUCT_NAME = "$(TARGET_NAME)";
				SDKROOT = auto;
				SUPPORTED_PLATFORMS = "iphoneos iphonesimulator macosx";
				SWIFT_EMIT_LOC_STRINGS = YES;
				SWIFT_VERSION = 5.0;
				TARGETED_DEVICE_FAMILY = "1,2";
			};
			name = Release;
		};
		0D5F3BD728E77CA700E3BA13 /* Debug */ = {
			isa = XCBuildConfiguration;
			buildSettings = {
				ALWAYS_EMBED_SWIFT_STANDARD_LIBRARIES = YES;
				BUNDLE_LOADER = "$(TEST_HOST)";
				CODE_SIGN_STYLE = Automatic;
				CURRENT_PROJECT_VERSION = 1;
				DEVELOPMENT_TEAM = 84J29R3WXB;
				GENERATE_INFOPLIST_FILE = YES;
				IPHONEOS_DEPLOYMENT_TARGET = 16.0;
				MACOSX_DEPLOYMENT_TARGET = 12.3;
				MARKETING_VERSION = 1.0;
				PRODUCT_BUNDLE_IDENTIFIER = "com.7thirteen.Library-Demo-AppTests";
				PRODUCT_NAME = "$(TARGET_NAME)";
				SDKROOT = auto;
				SUPPORTED_PLATFORMS = "iphoneos iphonesimulator macosx";
				SWIFT_EMIT_LOC_STRINGS = NO;
				SWIFT_VERSION = 5.0;
				TARGETED_DEVICE_FAMILY = "1,2";
				TEST_HOST = "$(BUILT_PRODUCTS_DIR)/Library Demo App.app/$(BUNDLE_EXECUTABLE_FOLDER_PATH)/Library Demo App";
			};
			name = Debug;
		};
		0D5F3BD828E77CA700E3BA13 /* Release */ = {
			isa = XCBuildConfiguration;
			buildSettings = {
				ALWAYS_EMBED_SWIFT_STANDARD_LIBRARIES = YES;
				BUNDLE_LOADER = "$(TEST_HOST)";
				CODE_SIGN_STYLE = Automatic;
				CURRENT_PROJECT_VERSION = 1;
				DEVELOPMENT_TEAM = 84J29R3WXB;
				GENERATE_INFOPLIST_FILE = YES;
				IPHONEOS_DEPLOYMENT_TARGET = 16.0;
				MACOSX_DEPLOYMENT_TARGET = 12.3;
				MARKETING_VERSION = 1.0;
				PRODUCT_BUNDLE_IDENTIFIER = "com.7thirteen.Library-Demo-AppTests";
				PRODUCT_NAME = "$(TARGET_NAME)";
				SDKROOT = auto;
				SUPPORTED_PLATFORMS = "iphoneos iphonesimulator macosx";
				SWIFT_EMIT_LOC_STRINGS = NO;
				SWIFT_VERSION = 5.0;
				TARGETED_DEVICE_FAMILY = "1,2";
				TEST_HOST = "$(BUILT_PRODUCTS_DIR)/Library Demo App.app/$(BUNDLE_EXECUTABLE_FOLDER_PATH)/Library Demo App";
			};
			name = Release;
		};
		0D5F3BDA28E77CA700E3BA13 /* Debug */ = {
			isa = XCBuildConfiguration;
			buildSettings = {
				ALWAYS_EMBED_SWIFT_STANDARD_LIBRARIES = YES;
				CODE_SIGN_STYLE = Automatic;
				CURRENT_PROJECT_VERSION = 1;
				DEVELOPMENT_TEAM = 84J29R3WXB;
				GENERATE_INFOPLIST_FILE = YES;
				IPHONEOS_DEPLOYMENT_TARGET = 16.0;
				MACOSX_DEPLOYMENT_TARGET = 12.3;
				MARKETING_VERSION = 1.0;
				PRODUCT_BUNDLE_IDENTIFIER = "com.7thirteen.Library-Demo-AppUITests";
				PRODUCT_NAME = "$(TARGET_NAME)";
				SDKROOT = auto;
				SUPPORTED_PLATFORMS = "iphoneos iphonesimulator macosx";
				SWIFT_EMIT_LOC_STRINGS = NO;
				SWIFT_VERSION = 5.0;
				TARGETED_DEVICE_FAMILY = "1,2";
				TEST_TARGET_NAME = "Library Demo App";
			};
			name = Debug;
		};
		0D5F3BDB28E77CA700E3BA13 /* Release */ = {
			isa = XCBuildConfiguration;
			buildSettings = {
				ALWAYS_EMBED_SWIFT_STANDARD_LIBRARIES = YES;
				CODE_SIGN_STYLE = Automatic;
				CURRENT_PROJECT_VERSION = 1;
				DEVELOPMENT_TEAM = 84J29R3WXB;
				GENERATE_INFOPLIST_FILE = YES;
				IPHONEOS_DEPLOYMENT_TARGET = 16.0;
				MACOSX_DEPLOYMENT_TARGET = 12.3;
				MARKETING_VERSION = 1.0;
				PRODUCT_BUNDLE_IDENTIFIER = "com.7thirteen.Library-Demo-AppUITests";
				PRODUCT_NAME = "$(TARGET_NAME)";
				SDKROOT = auto;
				SUPPORTED_PLATFORMS = "iphoneos iphonesimulator macosx";
				SWIFT_EMIT_LOC_STRINGS = NO;
				SWIFT_VERSION = 5.0;
				TARGETED_DEVICE_FAMILY = "1,2";
				TEST_TARGET_NAME = "Library Demo App";
			};
			name = Release;
		};
/* End XCBuildConfiguration section */

/* Begin XCConfigurationList section */
		0D5F3BA928E77CA600E3BA13 /* Build configuration list for PBXProject "Library Demo App" */ = {
			isa = XCConfigurationList;
			buildConfigurations = (
				0D5F3BD128E77CA700E3BA13 /* Debug */,
				0D5F3BD228E77CA700E3BA13 /* Release */,
			);
			defaultConfigurationIsVisible = 0;
			defaultConfigurationName = Release;
		};
		0D5F3BD328E77CA700E3BA13 /* Build configuration list for PBXNativeTarget "Library Demo App" */ = {
			isa = XCConfigurationList;
			buildConfigurations = (
				0D5F3BD428E77CA700E3BA13 /* Debug */,
				0D5F3BD528E77CA700E3BA13 /* Release */,
			);
			defaultConfigurationIsVisible = 0;
			defaultConfigurationName = Release;
		};
		0D5F3BD628E77CA700E3BA13 /* Build configuration list for PBXNativeTarget "Library Demo AppTests" */ = {
			isa = XCConfigurationList;
			buildConfigurations = (
				0D5F3BD728E77CA700E3BA13 /* Debug */,
				0D5F3BD828E77CA700E3BA13 /* Release */,
			);
			defaultConfigurationIsVisible = 0;
			defaultConfigurationName = Release;
		};
		0D5F3BD928E77CA700E3BA13 /* Build configuration list for PBXNativeTarget "Library Demo AppUITests" */ = {
			isa = XCConfigurationList;
			buildConfigurations = (
				0D5F3BDA28E77CA700E3BA13 /* Debug */,
				0D5F3BDB28E77CA700E3BA13 /* Release */,
			);
			defaultConfigurationIsVisible = 0;
			defaultConfigurationName = Release;
		};
/* End XCConfigurationList section */
	};
	rootObject = 0D5F3BA628E77CA600E3BA13 /* Project object */;
}
